
Microsoft Visual Studio Solution File, Format Version 12.00
# Visual Studio Version 16
VisualStudioVersion = 16.0.31313.79
MinimumVisualStudioVersion = 10.0.40219.1
Project("{FAE04EC0-301F-11D3-BF4B-00C04F79EFBC}") = "CadastroPessoa", "CadastroPessoa\CadastroPessoa.csproj", "{BA57DB37-B78A-4071-B6A8-9F10FBBBD16F}"
EndProject
Global
	GlobalSection(SolutionConfigurationPlatforms) = preSolution
		Debug|Any CPU = Debug|Any CPU
		Release|Any CPU = Release|Any CPU
	EndGlobalSection
	GlobalSection(ProjectConfigurationPlatforms) = postSolution
		{BA57DB37-B78A-4071-B6A8-9F10FBBBD16F}.Debug|Any CPU.ActiveCfg = Debug|Any CPU
		{BA57DB37-B78A-4071-B6A8-9F10FBBBD16F}.Debug|Any CPU.Build.0 = Debug|Any CPU
		{BA57DB37-B78A-4071-B6A8-9F10FBBBD16F}.Release|Any CPU.ActiveCfg = Release|Any CPU
		{BA57DB37-B78A-4071-B6A8-9F10FBBBD16F}.Release|Any CPU.Build.0 = Release|Any CPU
	EndGlobalSection
	GlobalSection(SolutionProperties) = preSolution
		HideSolutionNode = FALSE
	EndGlobalSection
	GlobalSection(ExtensibilityGlobals) = postSolution
		SolutionGuid = {62897039-332C-4477-9F9B-4E2A285992AC}
	EndGlobalSection
EndGlobal
